
Microsoft Visual Studio Solution File, Format Version 12.00
# Visual Studio Version 17
VisualStudioVersion = 17.3.32825.248
MinimumVisualStudioVersion = 10.0.40219.1
Project("{FAE04EC0-301F-11D3-BF4B-00C04F79EFBC}") = "HPEL_Assessment", "HPEL_Assessment\HPEL_Assessment.csproj", "{FBED1FF3-5E48-4D49-ADBC-6296AB5E80FC}"
EndProject
Global
	GlobalSection(SolutionConfigurationPlatforms) = preSolution
		Debug|Any CPU = Debug|Any CPU
		Release|Any CPU = Release|Any CPU
	EndGlobalSection
	GlobalSection(ProjectConfigurationPlatforms) = postSolution
		{FBED1FF3-5E48-4D49-ADBC-6296AB5E80FC}.Debug|Any CPU.ActiveCfg = Debug|Any CPU
		{FBED1FF3-5E48-4D49-ADBC-6296AB5E80FC}.Debug|Any CPU.Build.0 = Debug|Any CPU
		{FBED1FF3-5E48-4D49-ADBC-6296AB5E80FC}.Release|Any CPU.ActiveCfg = Release|Any CPU
		{FBED1FF3-5E48-4D49-ADBC-6296AB5E80FC}.Release|Any CPU.Build.0 = Release|Any CPU
	EndGlobalSection
	GlobalSection(SolutionProperties) = preSolution
		HideSolutionNode = FALSE
	EndGlobalSection
	GlobalSection(ExtensibilityGlobals) = postSolution
		SolutionGuid = {53123CF6-180E-481F-8557-2BC0180AD672}
	EndGlobalSection
EndGlobal
